
Microsoft Visual Studio Solution File, Format Version 12.00
# Visual Studio Version 17
VisualStudioVersion = 17.11.35312.102
MinimumVisualStudioVersion = 10.0.40219.1
Project("{FAE04EC0-301F-11D3-BF4B-00C04F79EFBC}") = "01_MainSubjects", "01_MainSubjects\01_MainSubjects.csproj", "{E4E26111-D85E-4827-A99D-CCC0372DE883}"
EndProject
Project("{FAE04EC0-301F-11D3-BF4B-00C04F79EFBC}") = "02_Variables", "02_Variables\02_Variables.csproj", "{A1DFCC69-A8AD-44E2-A06A-0BDBD22ECB6D}"
EndProject
Project("{FAE04EC0-301F-11D3-BF4B-00C04F79EFBC}") = "03_MakingDecision", "03_MakingDecision\03_MakingDecision.csproj", "{B47BB399-1D04-49A5-846C-F048B151FEAA}"
EndProject
Project("{FAE04EC0-301F-11D3-BF4B-00C04F79EFBC}") = "04_Loops", "04_Loops\04_Loops.csproj", "{4A2ED467-39A3-476D-B651-B200FD243035}"
EndProject
Project("{FAE04EC0-301F-11D3-BF4B-00C04F79EFBC}") = "05_LoopsWithStars", "05_LoopsWithStars\05_LoopsWithStars.csproj", "{52907618-4D18-498F-A47C-D104FCBA47E4}"
EndProject
Project("{FAE04EC0-301F-11D3-BF4B-00C04F79EFBC}") = "06_Arrays", "06_Arrays\06_Arrays.csproj", "{C125E28B-E991-4F1B-8604-B214F3B65256}"
EndProject
Project("{FAE04EC0-301F-11D3-BF4B-00C04F79EFBC}") = "07_ForeachLoops", "07_ForeachLoops\07_ForeachLoops.csproj", "{86E7A14C-D602-4606-BB82-BAEDD17F1BA4}"
EndProject
Project("{FAE04EC0-301F-11D3-BF4B-00C04F79EFBC}") = "08_Methods", "08_Methods\08_Methods.csproj", "{00564B7E-9009-4515-AC2B-2922BC243035}"
EndProject
Global
	GlobalSection(SolutionConfigurationPlatforms) = preSolution
		Debug|Any CPU = Debug|Any CPU
		Release|Any CPU = Release|Any CPU
	EndGlobalSection
	GlobalSection(ProjectConfigurationPlatforms) = postSolution
		{E4E26111-D85E-4827-A99D-CCC0372DE883}.Debug|Any CPU.ActiveCfg = Debug|Any CPU
		{E4E26111-D85E-4827-A99D-CCC0372DE883}.Debug|Any CPU.Build.0 = Debug|Any CPU
		{E4E26111-D85E-4827-A99D-CCC0372DE883}.Release|Any CPU.ActiveCfg = Release|Any CPU
		{E4E26111-D85E-4827-A99D-CCC0372DE883}.Release|Any CPU.Build.0 = Release|Any CPU
		{A1DFCC69-A8AD-44E2-A06A-0BDBD22ECB6D}.Debug|Any CPU.ActiveCfg = Debug|Any CPU
		{A1DFCC69-A8AD-44E2-A06A-0BDBD22ECB6D}.Debug|Any CPU.Build.0 = Debug|Any CPU
		{A1DFCC69-A8AD-44E2-A06A-0BDBD22ECB6D}.Release|Any CPU.ActiveCfg = Release|Any CPU
		{A1DFCC69-A8AD-44E2-A06A-0BDBD22ECB6D}.Release|Any CPU.Build.0 = Release|Any CPU
		{B47BB399-1D04-49A5-846C-F048B151FEAA}.Debug|Any CPU.ActiveCfg = Debug|Any CPU
		{B47BB399-1D04-49A5-846C-F048B151FEAA}.Debug|Any CPU.Build.0 = Debug|Any CPU
		{B47BB399-1D04-49A5-846C-F048B151FEAA}.Release|Any CPU.ActiveCfg = Release|Any CPU
		{B47BB399-1D04-49A5-846C-F048B151FEAA}.Release|Any CPU.Build.0 = Release|Any CPU
		{4A2ED467-39A3-476D-B651-B200FD243035}.Debug|Any CPU.ActiveCfg = Debug|Any CPU
		{4A2ED467-39A3-476D-B651-B200FD243035}.Debug|Any CPU.Build.0 = Debug|Any CPU
		{4A2ED467-39A3-476D-B651-B200FD243035}.Release|Any CPU.ActiveCfg = Release|Any CPU
		{4A2ED467-39A3-476D-B651-B200FD243035}.Release|Any CPU.Build.0 = Release|Any CPU
		{52907618-4D18-498F-A47C-D104FCBA47E4}.Debug|Any CPU.ActiveCfg = Debug|Any CPU
		{52907618-4D18-498F-A47C-D104FCBA47E4}.Debug|Any CPU.Build.0 = Debug|Any CPU
		{52907618-4D18-498F-A47C-D104FCBA47E4}.Release|Any CPU.ActiveCfg = Release|Any CPU
		{52907618-4D18-498F-A47C-D104FCBA47E4}.Release|Any CPU.Build.0 = Release|Any CPU
		{C125E28B-E991-4F1B-8604-B214F3B65256}.Debug|Any CPU.ActiveCfg = Debug|Any CPU
		{C125E28B-E991-4F1B-8604-B214F3B65256}.Debug|Any CPU.Build.0 = Debug|Any CPU
		{C125E28B-E991-4F1B-8604-B214F3B65256}.Release|Any CPU.ActiveCfg = Release|Any CPU
		{C125E28B-E991-4F1B-8604-B214F3B65256}.Release|Any CPU.Build.0 = Release|Any CPU
		{86E7A14C-D602-4606-BB82-BAEDD17F1BA4}.Debug|Any CPU.ActiveCfg = Debug|Any CPU
		{86E7A14C-D602-4606-BB82-BAEDD17F1BA4}.Debug|Any CPU.Build.0 = Debug|Any CPU
		{86E7A14C-D602-4606-BB82-BAEDD17F1BA4}.Release|Any CPU.ActiveCfg = Release|Any CPU
		{86E7A14C-D602-4606-BB82-BAEDD17F1BA4}.Release|Any CPU.Build.0 = Release|Any CPU
		{00564B7E-9009-4515-AC2B-2922BC243035}.Debug|Any CPU.ActiveCfg = Debug|Any CPU
		{00564B7E-9009-4515-AC2B-2922BC243035}.Debug|Any CPU.Build.0 = Debug|Any CPU
		{00564B7E-9009-4515-AC2B-2922BC243035}.Release|Any CPU.ActiveCfg = Release|Any CPU
		{00564B7E-9009-4515-AC2B-2922BC243035}.Release|Any CPU.Build.0 = Release|Any CPU
	EndGlobalSection
	GlobalSection(SolutionProperties) = preSolution
		HideSolutionNode = FALSE
	EndGlobalSection
	GlobalSection(ExtensibilityGlobals) = postSolution
		SolutionGuid = {9B3D01F4-7B88-4AAB-90D6-4E647A023B75}
	EndGlobalSection
EndGlobal
